// !$*UTF8*$!
{
	archiveVersion = 1;
	classes = {
	};
	objectVersion = 51;
	objects = {

/* Begin PBXBuildFile section */
		1FCF171FDFDCE09C213475BF /* Pods_SoundMuseum.framework in Frameworks */ = {isa = PBXBuildFile; fileRef = 9B53F65BB4662E9CD4A5BCD8 /* Pods_SoundMuseum.framework */; };
		555087DEF7ACF09D5E241464 /* Pods_SoundMuseumTests.framework in Frameworks */ = {isa = PBXBuildFile; fileRef = 476642ED743D8899F8A68461 /* Pods_SoundMuseumTests.framework */; };
		5B45251725455E5200903090 /* BaseViewController.swift in Sources */ = {isa = PBXBuildFile; fileRef = 5B45251625455E5200903090 /* BaseViewController.swift */; };
		5B45251D25455E6C00903090 /* Logger.swift in Sources */ = {isa = PBXBuildFile; fileRef = 5B45251C25455E6C00903090 /* Logger.swift */; };
		5B4525262545601800903090 /* LocalizedString.swift in Sources */ = {isa = PBXBuildFile; fileRef = 5B4525252545601800903090 /* LocalizedString.swift */; };
		6AFE2ED01EC3C325BB44A6DC /* LaunchScreen.storyboard in Resources */ = {isa = PBXBuildFile; fileRef = 6CC41ABB4CD9E0BA87D46FBB /* LaunchScreen.storyboard */; };
		9D1565A17BDA6C524AA00C55 /* SoundMuseumTests.swift in Sources */ = {isa = PBXBuildFile; fileRef = 8D9EF9B86B7E5961C25B5627 /* SoundMuseumTests.swift */; };
		A6FD2AF9E90A6E730C5114C2 /* SceneDelegate.swift in Sources */ = {isa = PBXBuildFile; fileRef = 807F2CDCF8225823FE61BE0E /* SceneDelegate.swift */; };
		CF038CAECBBCEBED5A0A7209 /* Assets.xcassets in Resources */ = {isa = PBXBuildFile; fileRef = E25FBD7E32611AA7A50F6337 /* Assets.xcassets */; };
		E101746686D9E040551C9E08 /* AppDelegate.swift in Sources */ = {isa = PBXBuildFile; fileRef = 796B1A65E48EF142AB896CFE /* AppDelegate.swift */; };
		F45D2DE258F2F81A270EC2C2 /* MainViewController.swift in Sources */ = {isa = PBXBuildFile; fileRef = 7B49F4D0DB86DE1BA68E048C /* MainViewController.swift */; };
/* End PBXBuildFile section */

/* Begin PBXContainerItemProxy section */
		379A62824737EEFAF8F814CA /* PBXContainerItemProxy */ = {
			isa = PBXContainerItemProxy;
			containerPortal = 8932CE1C9243AE5A264CC5D1 /* Project object */;
			proxyType = 1;
			remoteGlobalIDString = 7CEB259C187217174603F135;
			remoteInfo = SoundMuseum;
		};
/* End PBXContainerItemProxy section */

/* Begin PBXFileReference section */
		0BED611DA4BE3926C559E771 /* Pods-SoundMuseum.debug.xcconfig */ = {isa = PBXFileReference; includeInIndex = 1; lastKnownFileType = text.xcconfig; name = "Pods-SoundMuseum.debug.xcconfig"; path = "Target Support Files/Pods-SoundMuseum/Pods-SoundMuseum.debug.xcconfig"; sourceTree = "<group>"; };
		476642ED743D8899F8A68461 /* Pods_SoundMuseumTests.framework */ = {isa = PBXFileReference; explicitFileType = wrapper.framework; includeInIndex = 0; path = Pods_SoundMuseumTests.framework; sourceTree = BUILT_PRODUCTS_DIR; };
		5B45251625455E5200903090 /* BaseViewController.swift */ = {isa = PBXFileReference; lastKnownFileType = sourcecode.swift; path = BaseViewController.swift; sourceTree = "<group>"; };
		5B45251C25455E6C00903090 /* Logger.swift */ = {isa = PBXFileReference; lastKnownFileType = sourcecode.swift; path = Logger.swift; sourceTree = "<group>"; };
		5B4525252545601800903090 /* LocalizedString.swift */ = {isa = PBXFileReference; lastKnownFileType = sourcecode.swift; path = LocalizedString.swift; sourceTree = "<group>"; };
		723FA74B236D8128B8EFD58D /* SoundMuseumTests.xctest */ = {isa = PBXFileReference; includeInIndex = 0; lastKnownFileType = wrapper.cfbundle; path = SoundMuseumTests.xctest; sourceTree = BUILT_PRODUCTS_DIR; };
		7326BE409D1C3B782003CAD9 /* Info.plist */ = {isa = PBXFileReference; lastKnownFileType = text.plist; path = Info.plist; sourceTree = "<group>"; };
		796B1A65E48EF142AB896CFE /* AppDelegate.swift */ = {isa = PBXFileReference; lastKnownFileType = sourcecode.swift; path = AppDelegate.swift; sourceTree = "<group>"; };
		7B49F4D0DB86DE1BA68E048C /* MainViewController.swift */ = {isa = PBXFileReference; lastKnownFileType = sourcecode.swift; path = MainViewController.swift; sourceTree = "<group>"; };
		807F2CDCF8225823FE61BE0E /* SceneDelegate.swift */ = {isa = PBXFileReference; lastKnownFileType = sourcecode.swift; path = SceneDelegate.swift; sourceTree = "<group>"; };
		8D9EF9B86B7E5961C25B5627 /* SoundMuseumTests.swift */ = {isa = PBXFileReference; lastKnownFileType = sourcecode.swift; path = SoundMuseumTests.swift; sourceTree = "<group>"; };
		9B53F65BB4662E9CD4A5BCD8 /* Pods_SoundMuseum.framework */ = {isa = PBXFileReference; explicitFileType = wrapper.framework; includeInIndex = 0; path = Pods_SoundMuseum.framework; sourceTree = BUILT_PRODUCTS_DIR; };
		AB25BE0FD1C8139B946AFBDA /* Pods-SoundMuseumTests.debug.xcconfig */ = {isa = PBXFileReference; includeInIndex = 1; lastKnownFileType = text.xcconfig; name = "Pods-SoundMuseumTests.debug.xcconfig"; path = "Target Support Files/Pods-SoundMuseumTests/Pods-SoundMuseumTests.debug.xcconfig"; sourceTree = "<group>"; };
		B27105F8A8D77379751E42DB /* Pods-SoundMuseumTests.release.xcconfig */ = {isa = PBXFileReference; includeInIndex = 1; lastKnownFileType = text.xcconfig; name = "Pods-SoundMuseumTests.release.xcconfig"; path = "Target Support Files/Pods-SoundMuseumTests/Pods-SoundMuseumTests.release.xcconfig"; sourceTree = "<group>"; };
		B52B933172ABE89F87C3A5DC /* SoundMuseum.app */ = {isa = PBXFileReference; explicitFileType = wrapper.application; includeInIndex = 0; path = SoundMuseum.app; sourceTree = BUILT_PRODUCTS_DIR; };
		BAA1D560D5B1B146CE24646D /* Base */ = {isa = PBXFileReference; lastKnownFileType = file.storyboard; name = Base; path = Base.lproj/LaunchScreen.storyboard; sourceTree = "<group>"; };
		D91DCD58E419609B987A3464 /* Pods-SoundMuseum.release.xcconfig */ = {isa = PBXFileReference; includeInIndex = 1; lastKnownFileType = text.xcconfig; name = "Pods-SoundMuseum.release.xcconfig"; path = "Target Support Files/Pods-SoundMuseum/Pods-SoundMuseum.release.xcconfig"; sourceTree = "<group>"; };
		E25FBD7E32611AA7A50F6337 /* Assets.xcassets */ = {isa = PBXFileReference; lastKnownFileType = folder.assetcatalog; path = Assets.xcassets; sourceTree = "<group>"; };
		E9DE723AA1BAE22016E13BC4 /* Info.plist */ = {isa = PBXFileReference; lastKnownFileType = text.plist; path = Info.plist; sourceTree = "<group>"; };
/* End PBXFileReference section */

/* Begin PBXFrameworksBuildPhase section */
		2E3DAA66C2232025CDC3578E /* Frameworks */ = {
			isa = PBXFrameworksBuildPhase;
			buildActionMask = 2147483647;
			files = (
				1FCF171FDFDCE09C213475BF /* Pods_SoundMuseum.framework in Frameworks */,
			);
			runOnlyForDeploymentPostprocessing = 0;
		};
		841D2A13B07CD90693060A57 /* Frameworks */ = {
			isa = PBXFrameworksBuildPhase;
			buildActionMask = 2147483647;
			files = (
				555087DEF7ACF09D5E241464 /* Pods_SoundMuseumTests.framework in Frameworks */,
			);
			runOnlyForDeploymentPostprocessing = 0;
		};
/* End PBXFrameworksBuildPhase section */

/* Begin PBXGroup section */
		39BA04089930D4B36BC39768 /* SoundMuseumTests */ = {
			isa = PBXGroup;
			children = (
				7326BE409D1C3B782003CAD9 /* Info.plist */,
				8D9EF9B86B7E5961C25B5627 /* SoundMuseumTests.swift */,
			);
			path = SoundMuseumTests;
			sourceTree = "<group>";
		};
		5B45251425455E3000903090 /* Domian */ = {
			isa = PBXGroup;
			children = (
				5B45252025455E8B00903090 /* Main */,
			);
			path = Domian;
			sourceTree = "<group>";
		};
		5B45251525455E3900903090 /* Utils */ = {
			isa = PBXGroup;
			children = (
				5B45251625455E5200903090 /* BaseViewController.swift */,
				5B45251C25455E6C00903090 /* Logger.swift */,
				5B4525252545601800903090 /* LocalizedString.swift */,
			);
			path = Utils;
			sourceTree = "<group>";
		};
		5B45252025455E8B00903090 /* Main */ = {
			isa = PBXGroup;
			children = (
				7B49F4D0DB86DE1BA68E048C /* MainViewController.swift */,
			);
			path = Main;
			sourceTree = "<group>";
		};
		5F27F96375B0A8D5A849A3D9 /* Frameworks */ = {
			isa = PBXGroup;
			children = (
				9B53F65BB4662E9CD4A5BCD8 /* Pods_SoundMuseum.framework */,
				476642ED743D8899F8A68461 /* Pods_SoundMuseumTests.framework */,
			);
			name = Frameworks;
			sourceTree = "<group>";
		};
		6601152FDD09308398077295 /* Resources */ = {
			isa = PBXGroup;
			children = (
				E25FBD7E32611AA7A50F6337 /* Assets.xcassets */,
				6CC41ABB4CD9E0BA87D46FBB /* LaunchScreen.storyboard */,
			);
			path = Resources;
			sourceTree = "<group>";
		};
		75E899C8C852DA8230E77984 /* Sources */ = {
			isa = PBXGroup;
			children = (
				5B45251425455E3000903090 /* Domian */,
				5B45251525455E3900903090 /* Utils */,
				796B1A65E48EF142AB896CFE /* AppDelegate.swift */,
				807F2CDCF8225823FE61BE0E /* SceneDelegate.swift */,
			);
			path = Sources;
			sourceTree = "<group>";
		};
		7B0F197F9B17CA8B62B35352 = {
			isa = PBXGroup;
			children = (
				99458A1499CCD35125F6A8A6 /* SoundMuseum */,
				39BA04089930D4B36BC39768 /* SoundMuseumTests */,
				E1F821768694639BBEA999EA /* Products */,
				FB755B86FC8D701842BAACB9 /* Pods */,
				5F27F96375B0A8D5A849A3D9 /* Frameworks */,
			);
			indentWidth = 2;
			sourceTree = "<group>";
			tabWidth = 2;
		};
		99458A1499CCD35125F6A8A6 /* SoundMuseum */ = {
			isa = PBXGroup;
			children = (
				6601152FDD09308398077295 /* Resources */,
				75E899C8C852DA8230E77984 /* Sources */,
				C64BA254D148414B4BA9A3DB /* Supporting Files */,
			);
			path = SoundMuseum;
			sourceTree = "<group>";
		};
		C64BA254D148414B4BA9A3DB /* Supporting Files */ = {
			isa = PBXGroup;
			children = (
				E9DE723AA1BAE22016E13BC4 /* Info.plist */,
			);
			path = "Supporting Files";
			sourceTree = "<group>";
		};
		E1F821768694639BBEA999EA /* Products */ = {
			isa = PBXGroup;
			children = (
				B52B933172ABE89F87C3A5DC /* SoundMuseum.app */,
				723FA74B236D8128B8EFD58D /* SoundMuseumTests.xctest */,
			);
			name = Products;
			sourceTree = "<group>";
		};
		FB755B86FC8D701842BAACB9 /* Pods */ = {
			isa = PBXGroup;
			children = (
				0BED611DA4BE3926C559E771 /* Pods-SoundMuseum.debug.xcconfig */,
				D91DCD58E419609B987A3464 /* Pods-SoundMuseum.release.xcconfig */,
				AB25BE0FD1C8139B946AFBDA /* Pods-SoundMuseumTests.debug.xcconfig */,
				B27105F8A8D77379751E42DB /* Pods-SoundMuseumTests.release.xcconfig */,
			);
			path = Pods;
			sourceTree = "<group>";
		};
/* End PBXGroup section */

/* Begin PBXNativeTarget section */
		43A62890CDC456E47D00E3E4 /* SoundMuseumTests */ = {
			isa = PBXNativeTarget;
			buildConfigurationList = 9D75673343169587FD3FEF92 /* Build configuration list for PBXNativeTarget "SoundMuseumTests" */;
			buildPhases = (
				8E870CC8EAD19571D57245B4 /* [CP] Check Pods Manifest.lock */,
				82EEAEE7DA2115FF05C6522D /* Sources */,
				841D2A13B07CD90693060A57 /* Frameworks */,
				D010094B1B73E5E7BA2D71A2 /* [CP] Embed Pods Frameworks */,
			);
			buildRules = (
			);
			dependencies = (
				834055F6B6D782E46265FD0C /* PBXTargetDependency */,
			);
			name = SoundMuseumTests;
			productName = SoundMuseumTests;
			productReference = 723FA74B236D8128B8EFD58D /* SoundMuseumTests.xctest */;
			productType = "com.apple.product-type.bundle.unit-test";
		};
		7CEB259C187217174603F135 /* SoundMuseum */ = {
			isa = PBXNativeTarget;
			buildConfigurationList = 5167B94ABB3416091B07309B /* Build configuration list for PBXNativeTarget "SoundMuseum" */;
			buildPhases = (
				885B3E6B9149AB3F6CEE97AF /* [CP] Check Pods Manifest.lock */,
				FC0962A765D36A973E3A2DB5 /* SwiftLint */,
				E247B7BE36E5F4EAE0C50609 /* Sources */,
				133EB033DFDB18B40EE6550A /* Resources */,
				2E3DAA66C2232025CDC3578E /* Frameworks */,
				8148A4D31F5C62341CDF28B8 /* [CP] Embed Pods Frameworks */,
			);
			buildRules = (
			);
			dependencies = (
			);
			name = SoundMuseum;
			productName = SoundMuseum;
			productReference = B52B933172ABE89F87C3A5DC /* SoundMuseum.app */;
			productType = "com.apple.product-type.application";
		};
/* End PBXNativeTarget section */

/* Begin PBXProject section */
		8932CE1C9243AE5A264CC5D1 /* Project object */ = {
			isa = PBXProject;
			attributes = {
				LastUpgradeCheck = 1020;
			};
			buildConfigurationList = 84DAC51AFDF1ADA1910D0380 /* Build configuration list for PBXProject "SoundMuseum" */;
			compatibilityVersion = "Xcode 10.0";
			developmentRegion = en;
			hasScannedForEncodings = 0;
			knownRegions = (
				en,
				Base,
			);
			mainGroup = 7B0F197F9B17CA8B62B35352;
			productRefGroup = E1F821768694639BBEA999EA /* Products */;
			projectDirPath = "";
			projectRoot = "";
			targets = (
				7CEB259C187217174603F135 /* SoundMuseum */,
				43A62890CDC456E47D00E3E4 /* SoundMuseumTests */,
			);
		};
/* End PBXProject section */

/* Begin PBXResourcesBuildPhase section */
		133EB033DFDB18B40EE6550A /* Resources */ = {
			isa = PBXResourcesBuildPhase;
			buildActionMask = 2147483647;
			files = (
				CF038CAECBBCEBED5A0A7209 /* Assets.xcassets in Resources */,
				6AFE2ED01EC3C325BB44A6DC /* LaunchScreen.storyboard in Resources */,
			);
			runOnlyForDeploymentPostprocessing = 0;
		};
/* End PBXResourcesBuildPhase section */

/* Begin PBXShellScriptBuildPhase section */
		8148A4D31F5C62341CDF28B8 /* [CP] Embed Pods Frameworks */ = {
			isa = PBXShellScriptBuildPhase;
			buildActionMask = 2147483647;
			files = (
			);
			inputFileListPaths = (
				"${PODS_ROOT}/Target Support Files/Pods-SoundMuseum/Pods-SoundMuseum-frameworks-${CONFIGURATION}-input-files.xcfilelist",
			);
			name = "[CP] Embed Pods Frameworks";
			outputFileListPaths = (
				"${PODS_ROOT}/Target Support Files/Pods-SoundMuseum/Pods-SoundMuseum-frameworks-${CONFIGURATION}-output-files.xcfilelist",
			);
			runOnlyForDeploymentPostprocessing = 0;
			shellPath = /bin/sh;
			shellScript = "\"${PODS_ROOT}/Target Support Files/Pods-SoundMuseum/Pods-SoundMuseum-frameworks.sh\"\n";
			showEnvVarsInLog = 0;
		};
		885B3E6B9149AB3F6CEE97AF /* [CP] Check Pods Manifest.lock */ = {
			isa = PBXShellScriptBuildPhase;
			buildActionMask = 2147483647;
			files = (
			);
			inputFileListPaths = (
			);
			inputPaths = (
				"${PODS_PODFILE_DIR_PATH}/Podfile.lock",
				"${PODS_ROOT}/Manifest.lock",
			);
			name = "[CP] Check Pods Manifest.lock";
			outputFileListPaths = (
			);
			outputPaths = (
				"$(DERIVED_FILE_DIR)/Pods-SoundMuseum-checkManifestLockResult.txt",
			);
			runOnlyForDeploymentPostprocessing = 0;
			shellPath = /bin/sh;
			shellScript = "diff \"${PODS_PODFILE_DIR_PATH}/Podfile.lock\" \"${PODS_ROOT}/Manifest.lock\" > /dev/null\nif [ $? != 0 ] ; then\n    # print error to STDERR\n    echo \"error: The sandbox is not in sync with the Podfile.lock. Run 'pod install' or update your CocoaPods installation.\" >&2\n    exit 1\nfi\n# This output is used by Xcode 'outputs' to avoid re-running this script phase.\necho \"SUCCESS\" > \"${SCRIPT_OUTPUT_FILE_0}\"\n";
			showEnvVarsInLog = 0;
		};
		8E870CC8EAD19571D57245B4 /* [CP] Check Pods Manifest.lock */ = {
			isa = PBXShellScriptBuildPhase;
			buildActionMask = 2147483647;
			files = (
			);
			inputFileListPaths = (
			);
			inputPaths = (
				"${PODS_PODFILE_DIR_PATH}/Podfile.lock",
				"${PODS_ROOT}/Manifest.lock",
			);
			name = "[CP] Check Pods Manifest.lock";
			outputFileListPaths = (
			);
			outputPaths = (
				"$(DERIVED_FILE_DIR)/Pods-SoundMuseumTests-checkManifestLockResult.txt",
			);
			runOnlyForDeploymentPostprocessing = 0;
			shellPath = /bin/sh;
			shellScript = "diff \"${PODS_PODFILE_DIR_PATH}/Podfile.lock\" \"${PODS_ROOT}/Manifest.lock\" > /dev/null\nif [ $? != 0 ] ; then\n    # print error to STDERR\n    echo \"error: The sandbox is not in sync with the Podfile.lock. Run 'pod install' or update your CocoaPods installation.\" >&2\n    exit 1\nfi\n# This output is used by Xcode 'outputs' to avoid re-running this script phase.\necho \"SUCCESS\" > \"${SCRIPT_OUTPUT_FILE_0}\"\n";
			showEnvVarsInLog = 0;
		};
		D010094B1B73E5E7BA2D71A2 /* [CP] Embed Pods Frameworks */ = {
			isa = PBXShellScriptBuildPhase;
			buildActionMask = 2147483647;
			files = (
			);
			inputFileListPaths = (
				"${PODS_ROOT}/Target Support Files/Pods-SoundMuseumTests/Pods-SoundMuseumTests-frameworks-${CONFIGURATION}-input-files.xcfilelist",
			);
			name = "[CP] Embed Pods Frameworks";
			outputFileListPaths = (
				"${PODS_ROOT}/Target Support Files/Pods-SoundMuseumTests/Pods-SoundMuseumTests-frameworks-${CONFIGURATION}-output-files.xcfilelist",
			);
			runOnlyForDeploymentPostprocessing = 0;
			shellPath = /bin/sh;
			shellScript = "\"${PODS_ROOT}/Target Support Files/Pods-SoundMuseumTests/Pods-SoundMuseumTests-frameworks.sh\"\n";
			showEnvVarsInLog = 0;
		};
		FC0962A765D36A973E3A2DB5 /* SwiftLint */ = {
			isa = PBXShellScriptBuildPhase;
			buildActionMask = 2147483647;
			files = (
			);
			inputFileListPaths = (
			);
			inputPaths = (
			);
			name = SwiftLint;
			outputFileListPaths = (
			);
			outputPaths = (
			);
			runOnlyForDeploymentPostprocessing = 0;
			shellPath = /bin/sh;
			shellScript = "${PODS_ROOT}/SwiftLint/swiftlint --config .swiftlint.yml\n";
		};
/* End PBXShellScriptBuildPhase section */

/* Begin PBXSourcesBuildPhase section */
		82EEAEE7DA2115FF05C6522D /* Sources */ = {
			isa = PBXSourcesBuildPhase;
			buildActionMask = 2147483647;
			files = (
				9D1565A17BDA6C524AA00C55 /* SoundMuseumTests.swift in Sources */,
			);
			runOnlyForDeploymentPostprocessing = 0;
		};
		E247B7BE36E5F4EAE0C50609 /* Sources */ = {
			isa = PBXSourcesBuildPhase;
			buildActionMask = 2147483647;
			files = (
				5B45251D25455E6C00903090 /* Logger.swift in Sources */,
				E101746686D9E040551C9E08 /* AppDelegate.swift in Sources */,
				5B4525262545601800903090 /* LocalizedString.swift in Sources */,
				5B45251725455E5200903090 /* BaseViewController.swift in Sources */,
				A6FD2AF9E90A6E730C5114C2 /* SceneDelegate.swift in Sources */,
				F45D2DE258F2F81A270EC2C2 /* MainViewController.swift in Sources */,
			);
			runOnlyForDeploymentPostprocessing = 0;
		};
/* End PBXSourcesBuildPhase section */

/* Begin PBXTargetDependency section */
		834055F6B6D782E46265FD0C /* PBXTargetDependency */ = {
			isa = PBXTargetDependency;
			target = 7CEB259C187217174603F135 /* SoundMuseum */;
			targetProxy = 379A62824737EEFAF8F814CA /* PBXContainerItemProxy */;
		};
/* End PBXTargetDependency section */

/* Begin PBXVariantGroup section */
		6CC41ABB4CD9E0BA87D46FBB /* LaunchScreen.storyboard */ = {
			isa = PBXVariantGroup;
			children = (
				BAA1D560D5B1B146CE24646D /* Base */,
			);
			name = LaunchScreen.storyboard;
			sourceTree = "<group>";
		};
/* End PBXVariantGroup section */

/* Begin XCBuildConfiguration section */
		3D64163A9CCA25B114D74D4A /* Release */ = {
			isa = XCBuildConfiguration;
			buildSettings = {
				ALWAYS_SEARCH_USER_PATHS = NO;
				CLANG_ANALYZER_NONNULL = YES;
				CLANG_ANALYZER_NUMBER_OBJECT_CONVERSION = YES_AGGRESSIVE;
				CLANG_CXX_LANGUAGE_STANDARD = "gnu++14";
				CLANG_CXX_LIBRARY = "libc++";
				CLANG_ENABLE_MODULES = YES;
				CLANG_ENABLE_OBJC_ARC = YES;
				CLANG_WARN_BLOCK_CAPTURE_AUTORELEASING = YES;
				CLANG_WARN_BOOL_CONVERSION = YES;
				CLANG_WARN_COMMA = YES;
				CLANG_WARN_CONSTANT_CONVERSION = YES;
				CLANG_WARN_DEPRECATED_OBJC_IMPLEMENTATIONS = YES;
				CLANG_WARN_DIRECT_OBJC_ISA_USAGE = YES_ERROR;
				CLANG_WARN_DOCUMENTATION_COMMENTS = YES;
				CLANG_WARN_EMPTY_BODY = YES;
				CLANG_WARN_ENUM_CONVERSION = YES;
				CLANG_WARN_INFINITE_RECURSION = YES;
				CLANG_WARN_INT_CONVERSION = YES;
				CLANG_WARN_NON_LITERAL_NULL_CONVERSION = YES;
				CLANG_WARN_OBJC_IMPLICIT_RETAIN_SELF = YES;
				CLANG_WARN_OBJC_LITERAL_CONVERSION = YES;
				CLANG_WARN_OBJC_ROOT_CLASS = YES_ERROR;
				CLANG_WARN_RANGE_LOOP_ANALYSIS = YES;
				CLANG_WARN_STRICT_PROTOTYPES = YES;
				CLANG_WARN_SUSPICIOUS_MOVE = YES;
				CLANG_WARN_UNGUARDED_AVAILABILITY = YES_AGGRESSIVE;
				CLANG_WARN_UNREACHABLE_CODE = YES;
				CLANG_WARN__DUPLICATE_METHOD_MATCH = YES;
				COPY_PHASE_STRIP = NO;
				DEBUG_INFORMATION_FORMAT = "dwarf-with-dsym";
				ENABLE_NS_ASSERTIONS = NO;
				ENABLE_STRICT_OBJC_MSGSEND = YES;
				GCC_C_LANGUAGE_STANDARD = gnu11;
				GCC_NO_COMMON_BLOCKS = YES;
				GCC_WARN_64_TO_32_BIT_CONVERSION = YES;
				GCC_WARN_ABOUT_RETURN_TYPE = YES_ERROR;
				GCC_WARN_UNDECLARED_SELECTOR = YES;
				GCC_WARN_UNINITIALIZED_AUTOS = YES_AGGRESSIVE;
				GCC_WARN_UNUSED_FUNCTION = YES;
				GCC_WARN_UNUSED_VARIABLE = YES;
				PRODUCT_NAME = "$(TARGET_NAME)";
				SDKROOT = iphoneos;
				SWIFT_COMPILATION_MODE = wholemodule;
				SWIFT_VERSION = 5.0;
				VALIDATE_PRODUCT = YES;
			};
			name = Release;
		};
		4D99CE7A6C85F03883B689EA /* Release */ = {
			isa = XCBuildConfiguration;
			baseConfigurationReference = D91DCD58E419609B987A3464 /* Pods-SoundMuseum.release.xcconfig */;
			buildSettings = {
				ASSETCATALOG_COMPILER_APPICON_NAME = AppIcon;
				CODE_SIGN_IDENTITY = "iPhone Developer";
				INFOPLIST_FILE = "SoundMuseum/Supporting Files/Info.plist";
				IPHONEOS_DEPLOYMENT_TARGET = 13.0;
				LD_RUNPATH_SEARCH_PATHS = (
					"$(inherited)",
					"@executable_path/Frameworks",
				);
				OTHER_LDFLAGS = (
					"$(inherited)",
					"-all_load",
				);
				PRODUCT_BUNDLE_IDENTIFIER = kr.co.dnd.SoundMuseum;
				SDKROOT = iphoneos;
				TARGETED_DEVICE_FAMILY = "1,2";
			};
			name = Release;
		};
		524A3F7CC51264759E6997E1 /* Debug */ = {
			isa = XCBuildConfiguration;
			buildSettings = {
				ALWAYS_SEARCH_USER_PATHS = NO;
				CLANG_ANALYZER_NONNULL = YES;
				CLANG_ANALYZER_NUMBER_OBJECT_CONVERSION = YES_AGGRESSIVE;
				CLANG_CXX_LANGUAGE_STANDARD = "gnu++14";
				CLANG_CXX_LIBRARY = "libc++";
				CLANG_ENABLE_MODULES = YES;
				CLANG_ENABLE_OBJC_ARC = YES;
				CLANG_WARN_BLOCK_CAPTURE_AUTORELEASING = YES;
				CLANG_WARN_BOOL_CONVERSION = YES;
				CLANG_WARN_COMMA = YES;
				CLANG_WARN_CONSTANT_CONVERSION = YES;
				CLANG_WARN_DEPRECATED_OBJC_IMPLEMENTATIONS = YES;
				CLANG_WARN_DIRECT_OBJC_ISA_USAGE = YES_ERROR;
				CLANG_WARN_DOCUMENTATION_COMMENTS = YES;
				CLANG_WARN_EMPTY_BODY = YES;
				CLANG_WARN_ENUM_CONVERSION = YES;
				CLANG_WARN_INFINITE_RECURSION = YES;
				CLANG_WARN_INT_CONVERSION = YES;
				CLANG_WARN_NON_LITERAL_NULL_CONVERSION = YES;
				CLANG_WARN_OBJC_IMPLICIT_RETAIN_SELF = YES;
				CLANG_WARN_OBJC_LITERAL_CONVERSION = YES;
				CLANG_WARN_OBJC_ROOT_CLASS = YES_ERROR;
				CLANG_WARN_RANGE_LOOP_ANALYSIS = YES;
				CLANG_WARN_STRICT_PROTOTYPES = YES;
				CLANG_WARN_SUSPICIOUS_MOVE = YES;
				CLANG_WARN_UNGUARDED_AVAILABILITY = YES_AGGRESSIVE;
				CLANG_WARN_UNREACHABLE_CODE = YES;
				CLANG_WARN__DUPLICATE_METHOD_MATCH = YES;
				COPY_PHASE_STRIP = NO;
				DEBUG_INFORMATION_FORMAT = dwarf;
				ENABLE_STRICT_OBJC_MSGSEND = YES;
				ENABLE_TESTABILITY = YES;
				GCC_C_LANGUAGE_STANDARD = gnu11;
				GCC_DYNAMIC_NO_PIC = NO;
				GCC_NO_COMMON_BLOCKS = YES;
				GCC_OPTIMIZATION_LEVEL = 0;
				GCC_PREPROCESSOR_DEFINITIONS = (
					"$(inherited)",
					"DEBUG=1",
				);
				GCC_WARN_64_TO_32_BIT_CONVERSION = YES;
				GCC_WARN_ABOUT_RETURN_TYPE = YES_ERROR;
				GCC_WARN_UNDECLARED_SELECTOR = YES;
				GCC_WARN_UNINITIALIZED_AUTOS = YES_AGGRESSIVE;
				GCC_WARN_UNUSED_FUNCTION = YES;
				GCC_WARN_UNUSED_VARIABLE = YES;
				MTL_ENABLE_DEBUG_INFO = YES;
				ONLY_ACTIVE_ARCH = YES;
				PRODUCT_NAME = "$(TARGET_NAME)";
				SDKROOT = iphoneos;
				SWIFT_ACTIVE_COMPILATION_CONDITIONS = DEBUG;
				SWIFT_OPTIMIZATION_LEVEL = "-Onone";
				SWIFT_VERSION = 5.0;
			};
			name = Debug;
		};
		6A299D6F198310A5D66F51B0 /* Release */ = {
			isa = XCBuildConfiguration;
			baseConfigurationReference = B27105F8A8D77379751E42DB /* Pods-SoundMuseumTests.release.xcconfig */;
			buildSettings = {
				BUNDLE_LOADER = "$(TEST_HOST)";
				INFOPLIST_FILE = SoundMuseumTests/Info.plist;
				IPHONEOS_DEPLOYMENT_TARGET = 13.0;
				LD_RUNPATH_SEARCH_PATHS = (
					"$(inherited)",
					"@executable_path/Frameworks",
					"@loader_path/Frameworks",
				);
				PRODUCT_BUNDLE_IDENTIFIER = kr.co.dnd.SoundMuseumTests;
				SDKROOT = iphoneos;
				TARGETED_DEVICE_FAMILY = "1,2";
				TEST_HOST = "$(BUILT_PRODUCTS_DIR)/SoundMuseum.app/SoundMuseum";
			};
			name = Release;
		};
		DD48FCD1F62578FE7DD7887E /* Debug */ = {
			isa = XCBuildConfiguration;
			baseConfigurationReference = 0BED611DA4BE3926C559E771 /* Pods-SoundMuseum.debug.xcconfig */;
			buildSettings = {
				ASSETCATALOG_COMPILER_APPICON_NAME = AppIcon;
				CODE_SIGN_IDENTITY = "iPhone Developer";
				INFOPLIST_FILE = "SoundMuseum/Supporting Files/Info.plist";
				IPHONEOS_DEPLOYMENT_TARGET = 13.0;
				LD_RUNPATH_SEARCH_PATHS = (
					"$(inherited)",
					"@executable_path/Frameworks",
				);
				OTHER_LDFLAGS = (
					"$(inherited)",
					"-all_load",
				);
				PRODUCT_BUNDLE_IDENTIFIER = kr.co.dnd.SoundMuseum;
				SDKROOT = iphoneos;
				TARGETED_DEVICE_FAMILY = "1,2";
			};
			name = Debug;
		};
		EC1009897D8DEFEC7DD841F7 /* Debug */ = {
			isa = XCBuildConfiguration;
			baseConfigurationReference = AB25BE0FD1C8139B946AFBDA /* Pods-SoundMuseumTests.debug.xcconfig */;
			buildSettings = {
				BUNDLE_LOADER = "$(TEST_HOST)";
				INFOPLIST_FILE = SoundMuseumTests/Info.plist;
				IPHONEOS_DEPLOYMENT_TARGET = 13.0;
				LD_RUNPATH_SEARCH_PATHS = (
					"$(inherited)",
					"@executable_path/Frameworks",
					"@loader_path/Frameworks",
				);
				PRODUCT_BUNDLE_IDENTIFIER = kr.co.dnd.SoundMuseumTests;
				SDKROOT = iphoneos;
				TARGETED_DEVICE_FAMILY = "1,2";
				TEST_HOST = "$(BUILT_PRODUCTS_DIR)/SoundMuseum.app/SoundMuseum";
			};
			name = Debug;
		};
/* End XCBuildConfiguration section */

/* Begin XCConfigurationList section */
		5167B94ABB3416091B07309B /* Build configuration list for PBXNativeTarget "SoundMuseum" */ = {
			isa = XCConfigurationList;
			buildConfigurations = (
				DD48FCD1F62578FE7DD7887E /* Debug */,
				4D99CE7A6C85F03883B689EA /* Release */,
			);
			defaultConfigurationIsVisible = 0;
			defaultConfigurationName = Debug;
		};
		84DAC51AFDF1ADA1910D0380 /* Build configuration list for PBXProject "SoundMuseum" */ = {
			isa = XCConfigurationList;
			buildConfigurations = (
				524A3F7CC51264759E6997E1 /* Debug */,
				3D64163A9CCA25B114D74D4A /* Release */,
			);
			defaultConfigurationIsVisible = 0;
			defaultConfigurationName = Debug;
		};
		9D75673343169587FD3FEF92 /* Build configuration list for PBXNativeTarget "SoundMuseumTests" */ = {
			isa = XCConfigurationList;
			buildConfigurations = (
				EC1009897D8DEFEC7DD841F7 /* Debug */,
				6A299D6F198310A5D66F51B0 /* Release */,
			);
			defaultConfigurationIsVisible = 0;
			defaultConfigurationName = Debug;
		};
/* End XCConfigurationList section */
	};
	rootObject = 8932CE1C9243AE5A264CC5D1 /* Project object */;
}
